
Microsoft Visual Studio Solution File, Format Version 10.00
# Visual C# Express 2008
Project("{FAE04EC0-301F-11D3-BF4B-00C04F79EFBC}") = "Clipboard Manager", "Clipboard Memorizer\Clipboard Manager.csproj", "{C826C3C0-3C78-485C-BE58-BD019C0DA69E}"
EndProject
Global
	GlobalSection(SolutionConfigurationPlatforms) = preSolution
		Debug|Any CPU = Debug|Any CPU
		Release|Any CPU = Release|Any CPU
	EndGlobalSection
	GlobalSection(ProjectConfigurationPlatforms) = postSolution
		{C826C3C0-3C78-485C-BE58-BD019C0DA69E}.Debug|Any CPU.ActiveCfg = Debug|Any CPU
		{C826C3C0-3C78-485C-BE58-BD019C0DA69E}.Debug|Any CPU.Build.0 = Debug|Any CPU
		{C826C3C0-3C78-485C-BE58-BD019C0DA69E}.Release|Any CPU.ActiveCfg = Release|Any CPU
		{C826C3C0-3C78-485C-BE58-BD019C0DA69E}.Release|Any CPU.Build.0 = Release|Any CPU
	EndGlobalSection
	GlobalSection(SolutionProperties) = preSolution
		HideSolutionNode = FALSE
	EndGlobalSection
EndGlobal
